
Microsoft Visual Studio Solution File, Format Version 12.00
# Visual Studio 2012
Project("{FAE04EC0-301F-11D3-BF4B-00C04F79EFBC}") = "SOLID Service", "SOLID\SOLID Service.csproj", "{2069E506-C46B-431F-8520-CE8C361EE7B1}"
EndProject
Project("{FAE04EC0-301F-11D3-BF4B-00C04F79EFBC}") = "SOLID.DAL", "SOLID.DAL\SOLID.DAL.csproj", "{C7394B3B-642A-4EFB-AAFE-E33C8192FBA8}"
EndProject
Project("{FAE04EC0-301F-11D3-BF4B-00C04F79EFBC}") = "SOLID.BIZ", "SOLID.BIZ\SOLID.BIZ.csproj", "{1A9C5AAB-00DE-4983-99E2-805959889A1B}"
EndProject
Project("{FAE04EC0-301F-11D3-BF4B-00C04F79EFBC}") = "SOLID.Common", "SOLID.Common\SOLID.Common.csproj", "{49E8A6B0-33EC-480F-870D-70FBE21C599C}"
EndProject
Project("{FAE04EC0-301F-11D3-BF4B-00C04F79EFBC}") = "SOLID.Data.Sql", "SOLID.Data.Sql\SOLID.Data.Sql.csproj", "{E90C9E4E-88D2-4F9E-A9E5-E559EF43E3BD}"
EndProject
Project("{FAE04EC0-301F-11D3-BF4B-00C04F79EFBC}") = "Test SOLID.BIZ", "Test SOLID.BIZ\Test SOLID.BIZ.csproj", "{6C96C287-8546-4540-83E8-55A4B09EA30A}"
EndProject
Project("{FAE04EC0-301F-11D3-BF4B-00C04F79EFBC}") = "Test SOLID.DAL", "Test SOLID.DAL\Test SOLID.DAL.csproj", "{69B7C213-0712-4F5D-81D1-8E3DD64E2D7B}"
EndProject
Project("{2150E333-8FDC-42A3-9474-1A3956D46DE8}") = "Test", "Test", "{0D3EB144-D388-42E5-9C36-A30D6B944B64}"
EndProject
Global
	GlobalSection(SolutionConfigurationPlatforms) = preSolution
		Debug|Any CPU = Debug|Any CPU
		Release|Any CPU = Release|Any CPU
	EndGlobalSection
	GlobalSection(ProjectConfigurationPlatforms) = postSolution
		{1A9C5AAB-00DE-4983-99E2-805959889A1B}.Debug|Any CPU.ActiveCfg = Debug|Any CPU
		{1A9C5AAB-00DE-4983-99E2-805959889A1B}.Debug|Any CPU.Build.0 = Debug|Any CPU
		{1A9C5AAB-00DE-4983-99E2-805959889A1B}.Release|Any CPU.ActiveCfg = Release|Any CPU
		{1A9C5AAB-00DE-4983-99E2-805959889A1B}.Release|Any CPU.Build.0 = Release|Any CPU
		{2069E506-C46B-431F-8520-CE8C361EE7B1}.Debug|Any CPU.ActiveCfg = Debug|Any CPU
		{2069E506-C46B-431F-8520-CE8C361EE7B1}.Debug|Any CPU.Build.0 = Debug|Any CPU
		{2069E506-C46B-431F-8520-CE8C361EE7B1}.Release|Any CPU.ActiveCfg = Release|Any CPU
		{2069E506-C46B-431F-8520-CE8C361EE7B1}.Release|Any CPU.Build.0 = Release|Any CPU
		{49E8A6B0-33EC-480F-870D-70FBE21C599C}.Debug|Any CPU.ActiveCfg = Debug|Any CPU
		{49E8A6B0-33EC-480F-870D-70FBE21C599C}.Debug|Any CPU.Build.0 = Debug|Any CPU
		{49E8A6B0-33EC-480F-870D-70FBE21C599C}.Release|Any CPU.ActiveCfg = Release|Any CPU
		{49E8A6B0-33EC-480F-870D-70FBE21C599C}.Release|Any CPU.Build.0 = Release|Any CPU
		{69B7C213-0712-4F5D-81D1-8E3DD64E2D7B}.Debug|Any CPU.ActiveCfg = Debug|Any CPU
		{69B7C213-0712-4F5D-81D1-8E3DD64E2D7B}.Debug|Any CPU.Build.0 = Debug|Any CPU
		{69B7C213-0712-4F5D-81D1-8E3DD64E2D7B}.Release|Any CPU.ActiveCfg = Release|Any CPU
		{69B7C213-0712-4F5D-81D1-8E3DD64E2D7B}.Release|Any CPU.Build.0 = Release|Any CPU
		{6C96C287-8546-4540-83E8-55A4B09EA30A}.Debug|Any CPU.ActiveCfg = Debug|Any CPU
		{6C96C287-8546-4540-83E8-55A4B09EA30A}.Debug|Any CPU.Build.0 = Debug|Any CPU
		{6C96C287-8546-4540-83E8-55A4B09EA30A}.Release|Any CPU.ActiveCfg = Release|Any CPU
		{6C96C287-8546-4540-83E8-55A4B09EA30A}.Release|Any CPU.Build.0 = Release|Any CPU
		{C7394B3B-642A-4EFB-AAFE-E33C8192FBA8}.Debug|Any CPU.ActiveCfg = Debug|Any CPU
		{C7394B3B-642A-4EFB-AAFE-E33C8192FBA8}.Debug|Any CPU.Build.0 = Debug|Any CPU
		{C7394B3B-642A-4EFB-AAFE-E33C8192FBA8}.Release|Any CPU.ActiveCfg = Release|Any CPU
		{C7394B3B-642A-4EFB-AAFE-E33C8192FBA8}.Release|Any CPU.Build.0 = Release|Any CPU
		{E90C9E4E-88D2-4F9E-A9E5-E559EF43E3BD}.Debug|Any CPU.ActiveCfg = Debug|Any CPU
		{E90C9E4E-88D2-4F9E-A9E5-E559EF43E3BD}.Debug|Any CPU.Build.0 = Debug|Any CPU
		{E90C9E4E-88D2-4F9E-A9E5-E559EF43E3BD}.Release|Any CPU.ActiveCfg = Release|Any CPU
		{E90C9E4E-88D2-4F9E-A9E5-E559EF43E3BD}.Release|Any CPU.Build.0 = Release|Any CPU
	EndGlobalSection
	GlobalSection(SolutionProperties) = preSolution
		HideSolutionNode = FALSE
	EndGlobalSection
	GlobalSection(NestedProjects) = preSolution
		{69B7C213-0712-4F5D-81D1-8E3DD64E2D7B} = {0D3EB144-D388-42E5-9C36-A30D6B944B64}
		{6C96C287-8546-4540-83E8-55A4B09EA30A} = {0D3EB144-D388-42E5-9C36-A30D6B944B64}
	EndGlobalSection
EndGlobal
